// !$*UTF8*$!
{
	archiveVersion = 1;
	classes = {
	};
	objectVersion = 52;
	objects = {

/* Begin PBXBuildFile section */
		16168623268F050E004D0352 /* CardsList.swift in Sources */ = {isa = PBXBuildFile; fileRef = 16168622268F050E004D0352 /* CardsList.swift */; };
		1656A94526877CF50013CD59 /* alpha_unselfoldApp.swift in Sources */ = {isa = PBXBuildFile; fileRef = 1656A94426877CF50013CD59 /* alpha_unselfoldApp.swift */; };
		1656A94726877CF50013CD59 /* ContentView.swift in Sources */ = {isa = PBXBuildFile; fileRef = 1656A94626877CF50013CD59 /* ContentView.swift */; };
		1656A94926877CF50013CD59 /* Assets.xcassets in Resources */ = {isa = PBXBuildFile; fileRef = 1656A94826877CF50013CD59 /* Assets.xcassets */; };
		1656A94C26877CF50013CD59 /* Preview Assets.xcassets in Resources */ = {isa = PBXBuildFile; fileRef = 1656A94B26877CF50013CD59 /* Preview Assets.xcassets */; };
		1656A94E26877CF50013CD59 /* Persistence.swift in Sources */ = {isa = PBXBuildFile; fileRef = 1656A94D26877CF50013CD59 /* Persistence.swift */; };
		1656A95126877CF50013CD59 /* alpha_unselfold.xcdatamodeld in Sources */ = {isa = PBXBuildFile; fileRef = 1656A94F26877CF50013CD59 /* alpha_unselfold.xcdatamodeld */; };
		16579AC526877F5C005D4432 /* TaskItem.swift in Sources */ = {isa = PBXBuildFile; fileRef = 16579AC426877F5C005D4432 /* TaskItem.swift */; };
		16BFD1532687856300854C15 /* TaskItemView.swift in Sources */ = {isa = PBXBuildFile; fileRef = 16BFD1522687856300854C15 /* TaskItemView.swift */; };
		16F8B3E8268C9047004C431B /* SwiftUIX in Frameworks */ = {isa = PBXBuildFile; productRef = 16F8B3E7268C9047004C431B /* SwiftUIX */; };
/* End PBXBuildFile section */

/* Begin PBXFileReference section */
		16168622268F050E004D0352 /* CardsList.swift */ = {isa = PBXFileReference; lastKnownFileType = sourcecode.swift; path = CardsList.swift; sourceTree = "<group>"; };
		1656A94126877CF50013CD59 /* alpha_unselfold.app */ = {isa = PBXFileReference; explicitFileType = wrapper.application; includeInIndex = 0; path = alpha_unselfold.app; sourceTree = BUILT_PRODUCTS_DIR; };
		1656A94426877CF50013CD59 /* alpha_unselfoldApp.swift */ = {isa = PBXFileReference; lastKnownFileType = sourcecode.swift; path = alpha_unselfoldApp.swift; sourceTree = "<group>"; };
		1656A94626877CF50013CD59 /* ContentView.swift */ = {isa = PBXFileReference; lastKnownFileType = sourcecode.swift; path = ContentView.swift; sourceTree = "<group>"; };
		1656A94826877CF50013CD59 /* Assets.xcassets */ = {isa = PBXFileReference; lastKnownFileType = folder.assetcatalog; path = Assets.xcassets; sourceTree = "<group>"; };
		1656A94B26877CF50013CD59 /* Preview Assets.xcassets */ = {isa = PBXFileReference; lastKnownFileType = folder.assetcatalog; path = "Preview Assets.xcassets"; sourceTree = "<group>"; };
		1656A94D26877CF50013CD59 /* Persistence.swift */ = {isa = PBXFileReference; lastKnownFileType = sourcecode.swift; path = Persistence.swift; sourceTree = "<group>"; };
		1656A95026877CF50013CD59 /* alpha_unselfold.xcdatamodel */ = {isa = PBXFileReference; lastKnownFileType = wrapper.xcdatamodel; path = alpha_unselfold.xcdatamodel; sourceTree = "<group>"; };
		1656A95226877CF50013CD59 /* Info.plist */ = {isa = PBXFileReference; lastKnownFileType = text.plist.xml; path = Info.plist; sourceTree = "<group>"; };
		16579AC426877F5C005D4432 /* TaskItem.swift */ = {isa = PBXFileReference; lastKnownFileType = sourcecode.swift; path = TaskItem.swift; sourceTree = "<group>"; };
		16BFD1522687856300854C15 /* TaskItemView.swift */ = {isa = PBXFileReference; lastKnownFileType = sourcecode.swift; path = TaskItemView.swift; sourceTree = "<group>"; };
/* End PBXFileReference section */

/* Begin PBXFrameworksBuildPhase section */
		1656A93E26877CF50013CD59 /* Frameworks */ = {
			isa = PBXFrameworksBuildPhase;
			buildActionMask = 2147483647;
			files = (
				16F8B3E8268C9047004C431B /* SwiftUIX in Frameworks */,
			);
			runOnlyForDeploymentPostprocessing = 0;
		};
/* End PBXFrameworksBuildPhase section */

/* Begin PBXGroup section */
		1656A93826877CF50013CD59 = {
			isa = PBXGroup;
			children = (
				1656A94326877CF50013CD59 /* alpha_unselfold */,
				1656A94226877CF50013CD59 /* Products */,
			);
			sourceTree = "<group>";
		};
		1656A94226877CF50013CD59 /* Products */ = {
			isa = PBXGroup;
			children = (
				1656A94126877CF50013CD59 /* alpha_unselfold.app */,
			);
			name = Products;
			sourceTree = "<group>";
		};
		1656A94326877CF50013CD59 /* alpha_unselfold */ = {
			isa = PBXGroup;
			children = (
				16BFD1522687856300854C15 /* TaskItemView.swift */,
				1656A94426877CF50013CD59 /* alpha_unselfoldApp.swift */,
				1656A94626877CF50013CD59 /* ContentView.swift */,
				16168622268F050E004D0352 /* CardsList.swift */,
				1656A94826877CF50013CD59 /* Assets.xcassets */,
				1656A94D26877CF50013CD59 /* Persistence.swift */,
				1656A95226877CF50013CD59 /* Info.plist */,
				1656A94F26877CF50013CD59 /* alpha_unselfold.xcdatamodeld */,
				16579AC426877F5C005D4432 /* TaskItem.swift */,
				1656A94A26877CF50013CD59 /* Preview Content */,
			);
			path = alpha_unselfold;
			sourceTree = "<group>";
		};
		1656A94A26877CF50013CD59 /* Preview Content */ = {
			isa = PBXGroup;
			children = (
				1656A94B26877CF50013CD59 /* Preview Assets.xcassets */,
			);
			path = "Preview Content";
			sourceTree = "<group>";
		};
/* End PBXGroup section */

/* Begin PBXNativeTarget section */
		1656A94026877CF50013CD59 /* alpha_unselfold */ = {
			isa = PBXNativeTarget;
			buildConfigurationList = 1656A95526877CF50013CD59 /* Build configuration list for PBXNativeTarget "alpha_unselfold" */;
			buildPhases = (
				1656A93D26877CF50013CD59 /* Sources */,
				1656A93E26877CF50013CD59 /* Frameworks */,
				1656A93F26877CF50013CD59 /* Resources */,
			);
			buildRules = (
			);
			dependencies = (
			);
			name = alpha_unselfold;
			packageProductDependencies = (
				16F8B3E7268C9047004C431B /* SwiftUIX */,
			);
			productName = alpha_unselfold;
			productReference = 1656A94126877CF50013CD59 /* alpha_unselfold.app */;
			productType = "com.apple.product-type.application";
		};
/* End PBXNativeTarget section */

/* Begin PBXProject section */
		1656A93926877CF50013CD59 /* Project object */ = {
			isa = PBXProject;
			attributes = {
				LastSwiftUpdateCheck = 1250;
				LastUpgradeCheck = 1250;
				TargetAttributes = {
					1656A94026877CF50013CD59 = {
						CreatedOnToolsVersion = 12.5.1;
					};
				};
			};
			buildConfigurationList = 1656A93C26877CF50013CD59 /* Build configuration list for PBXProject "alpha_unselfold" */;
			compatibilityVersion = "Xcode 9.3";
			developmentRegion = en;
			hasScannedForEncodings = 0;
			knownRegions = (
				en,
				Base,
			);
			mainGroup = 1656A93826877CF50013CD59;
			packageReferences = (
				16F8B3E6268C9047004C431B /* XCRemoteSwiftPackageReference "SwiftUIX" */,
			);
			productRefGroup = 1656A94226877CF50013CD59 /* Products */;
			projectDirPath = "";
			projectRoot = "";
			targets = (
				1656A94026877CF50013CD59 /* alpha_unselfold */,
			);
		};
/* End PBXProject section */

/* Begin PBXResourcesBuildPhase section */
		1656A93F26877CF50013CD59 /* Resources */ = {
			isa = PBXResourcesBuildPhase;
			buildActionMask = 2147483647;
			files = (
				1656A94C26877CF50013CD59 /* Preview Assets.xcassets in Resources */,
				1656A94926877CF50013CD59 /* Assets.xcassets in Resources */,
			);
			runOnlyForDeploymentPostprocessing = 0;
		};
/* End PBXResourcesBuildPhase section */

/* Begin PBXSourcesBuildPhase section */
		1656A93D26877CF50013CD59 /* Sources */ = {
			isa = PBXSourcesBuildPhase;
			buildActionMask = 2147483647;
			files = (
				16BFD1532687856300854C15 /* TaskItemView.swift in Sources */,
				1656A94E26877CF50013CD59 /* Persistence.swift in Sources */,
				16579AC526877F5C005D4432 /* TaskItem.swift in Sources */,
				1656A95126877CF50013CD59 /* alpha_unselfold.xcdatamodeld in Sources */,
				16168623268F050E004D0352 /* CardsList.swift in Sources */,
				1656A94726877CF50013CD59 /* ContentView.swift in Sources */,
				1656A94526877CF50013CD59 /* alpha_unselfoldApp.swift in Sources */,
			);
			runOnlyForDeploymentPostprocessing = 0;
		};
/* End PBXSourcesBuildPhase section */

/* Begin XCBuildConfiguration section */
		1656A95326877CF50013CD59 /* Debug */ = {
			isa = XCBuildConfiguration;
			buildSettings = {
				ALWAYS_SEARCH_USER_PATHS = NO;
				CLANG_ANALYZER_NONNULL = YES;
				CLANG_ANALYZER_NUMBER_OBJECT_CONVERSION = YES_AGGRESSIVE;
				CLANG_CXX_LANGUAGE_STANDARD = "gnu++14";
				CLANG_CXX_LIBRARY = "libc++";
				CLANG_ENABLE_MODULES = YES;
				CLANG_ENABLE_OBJC_ARC = YES;
				CLANG_ENABLE_OBJC_WEAK = YES;
				CLANG_WARN_BLOCK_CAPTURE_AUTORELEASING = YES;
				CLANG_WARN_BOOL_CONVERSION = YES;
				CLANG_WARN_COMMA = YES;
				CLANG_WARN_CONSTANT_CONVERSION = YES;
				CLANG_WARN_DEPRECATED_OBJC_IMPLEMENTATIONS = YES;
				CLANG_WARN_DIRECT_OBJC_ISA_USAGE = YES_ERROR;
				CLANG_WARN_DOCUMENTATION_COMMENTS = YES;
				CLANG_WARN_EMPTY_BODY = YES;
				CLANG_WARN_ENUM_CONVERSION = YES;
				CLANG_WARN_INFINITE_RECURSION = YES;
				CLANG_WARN_INT_CONVERSION = YES;
				CLANG_WARN_NON_LITERAL_NULL_CONVERSION = YES;
				CLANG_WARN_OBJC_IMPLICIT_RETAIN_SELF = YES;
				CLANG_WARN_OBJC_LITERAL_CONVERSION = YES;
				CLANG_WARN_OBJC_ROOT_CLASS = YES_ERROR;
				CLANG_WARN_QUOTED_INCLUDE_IN_FRAMEWORK_HEADER = YES;
				CLANG_WARN_RANGE_LOOP_ANALYSIS = YES;
				CLANG_WARN_STRICT_PROTOTYPES = YES;
				CLANG_WARN_SUSPICIOUS_MOVE = YES;
				CLANG_WARN_UNGUARDED_AVAILABILITY = YES_AGGRESSIVE;
				CLANG_WARN_UNREACHABLE_CODE = YES;
				CLANG_WARN__DUPLICATE_METHOD_MATCH = YES;
				COPY_PHASE_STRIP = NO;
				DEBUG_INFORMATION_FORMAT = dwarf;
				ENABLE_STRICT_OBJC_MSGSEND = YES;
				ENABLE_TESTABILITY = YES;
				GCC_C_LANGUAGE_STANDARD = gnu11;
				GCC_DYNAMIC_NO_PIC = NO;
				GCC_NO_COMMON_BLOCKS = YES;
				GCC_OPTIMIZATION_LEVEL = 0;
				GCC_PREPROCESSOR_DEFINITIONS = (
					"DEBUG=1",
					"$(inherited)",
				);
				GCC_WARN_64_TO_32_BIT_CONVERSION = YES;
				GCC_WARN_ABOUT_RETURN_TYPE = YES_ERROR;
				GCC_WARN_UNDECLARED_SELECTOR = YES;
				GCC_WARN_UNINITIALIZED_AUTOS = YES_AGGRESSIVE;
				GCC_WARN_UNUSED_FUNCTION = YES;
				GCC_WARN_UNUSED_VARIABLE = YES;
				IPHONEOS_DEPLOYMENT_TARGET = 14.5;
				MTL_ENABLE_DEBUG_INFO = INCLUDE_SOURCE;
				MTL_FAST_MATH = YES;
				ONLY_ACTIVE_ARCH = YES;
				SDKROOT = iphoneos;
				SWIFT_ACTIVE_COMPILATION_CONDITIONS = DEBUG;
				SWIFT_OPTIMIZATION_LEVEL = "-Onone";
			};
			name = Debug;
		};
		1656A95426877CF50013CD59 /* Release */ = {
			isa = XCBuildConfiguration;
			buildSettings = {
				ALWAYS_SEARCH_USER_PATHS = NO;
				CLANG_ANALYZER_NONNULL = YES;
				CLANG_ANALYZER_NUMBER_OBJECT_CONVERSION = YES_AGGRESSIVE;
				CLANG_CXX_LANGUAGE_STANDARD = "gnu++14";
				CLANG_CXX_LIBRARY = "libc++";
				CLANG_ENABLE_MODULES = YES;
				CLANG_ENABLE_OBJC_ARC = YES;
				CLANG_ENABLE_OBJC_WEAK = YES;
				CLANG_WARN_BLOCK_CAPTURE_AUTORELEASING = YES;
				CLANG_WARN_BOOL_CONVERSION = YES;
				CLANG_WARN_COMMA = YES;
				CLANG_WARN_CONSTANT_CONVERSION = YES;
				CLANG_WARN_DEPRECATED_OBJC_IMPLEMENTATIONS = YES;
				CLANG_WARN_DIRECT_OBJC_ISA_USAGE = YES_ERROR;
				CLANG_WARN_DOCUMENTATION_COMMENTS = YES;
				CLANG_WARN_EMPTY_BODY = YES;
				CLANG_WARN_ENUM_CONVERSION = YES;
				CLANG_WARN_INFINITE_RECURSION = YES;
				CLANG_WARN_INT_CONVERSION = YES;
				CLANG_WARN_NON_LITERAL_NULL_CONVERSION = YES;
				CLANG_WARN_OBJC_IMPLICIT_RETAIN_SELF = YES;
				CLANG_WARN_OBJC_LITERAL_CONVERSION = YES;
				CLANG_WARN_OBJC_ROOT_CLASS = YES_ERROR;
				CLANG_WARN_QUOTED_INCLUDE_IN_FRAMEWORK_HEADER = YES;
				CLANG_WARN_RANGE_LOOP_ANALYSIS = YES;
				CLANG_WARN_STRICT_PROTOTYPES = YES;
				CLANG_WARN_SUSPICIOUS_MOVE = YES;
				CLANG_WARN_UNGUARDED_AVAILABILITY = YES_AGGRESSIVE;
				CLANG_WARN_UNREACHABLE_CODE = YES;
				CLANG_WARN__DUPLICATE_METHOD_MATCH = YES;
				COPY_PHASE_STRIP = NO;
				DEBUG_INFORMATION_FORMAT = "dwarf-with-dsym";
				ENABLE_NS_ASSERTIONS = NO;
				ENABLE_STRICT_OBJC_MSGSEND = YES;
				GCC_C_LANGUAGE_STANDARD = gnu11;
				GCC_NO_COMMON_BLOCKS = YES;
				GCC_WARN_64_TO_32_BIT_CONVERSION = YES;
				GCC_WARN_ABOUT_RETURN_TYPE = YES_ERROR;
				GCC_WARN_UNDECLARED_SELECTOR = YES;
				GCC_WARN_UNINITIALIZED_AUTOS = YES_AGGRESSIVE;
				GCC_WARN_UNUSED_FUNCTION = YES;
				GCC_WARN_UNUSED_VARIABLE = YES;
				IPHONEOS_DEPLOYMENT_TARGET = 14.5;
				MTL_ENABLE_DEBUG_INFO = NO;
				MTL_FAST_MATH = YES;
				SDKROOT = iphoneos;
				SWIFT_COMPILATION_MODE = wholemodule;
				SWIFT_OPTIMIZATION_LEVEL = "-O";
				VALIDATE_PRODUCT = YES;
			};
			name = Release;
		};
		1656A95626877CF50013CD59 /* Debug */ = {
			isa = XCBuildConfiguration;
			buildSettings = {
				ASSETCATALOG_COMPILER_APPICON_NAME = AppIcon;
				ASSETCATALOG_COMPILER_GLOBAL_ACCENT_COLOR_NAME = AccentColor;
				CODE_SIGN_STYLE = Automatic;
				DEVELOPMENT_ASSET_PATHS = "\"alpha_unselfold/Preview Content\"";
				ENABLE_PREVIEWS = YES;
				INFOPLIST_FILE = alpha_unselfold/Info.plist;
				IPHONEOS_DEPLOYMENT_TARGET = 14.0;
				LD_RUNPATH_SEARCH_PATHS = (
					"$(inherited)",
					"@executable_path/Frameworks",
				);
				PRODUCT_BUNDLE_IDENTIFIER = "com.cristicretu.alpha-unselfold";
				PRODUCT_NAME = "$(TARGET_NAME)";
				SWIFT_VERSION = 5.0;
				TARGETED_DEVICE_FAMILY = "1,2";
			};
			name = Debug;
		};
		1656A95726877CF50013CD59 /* Release */ = {
			isa = XCBuildConfiguration;
			buildSettings = {
				ASSETCATALOG_COMPILER_APPICON_NAME = AppIcon;
				ASSETCATALOG_COMPILER_GLOBAL_ACCENT_COLOR_NAME = AccentColor;
				CODE_SIGN_STYLE = Automatic;
				DEVELOPMENT_ASSET_PATHS = "\"alpha_unselfold/Preview Content\"";
				ENABLE_PREVIEWS = YES;
				INFOPLIST_FILE = alpha_unselfold/Info.plist;
				IPHONEOS_DEPLOYMENT_TARGET = 14.0;
				LD_RUNPATH_SEARCH_PATHS = (
					"$(inherited)",
					"@executable_path/Frameworks",
				);
				PRODUCT_BUNDLE_IDENTIFIER = "com.cristicretu.alpha-unselfold";
				PRODUCT_NAME = "$(TARGET_NAME)";
				SWIFT_VERSION = 5.0;
				TARGETED_DEVICE_FAMILY = "1,2";
			};
			name = Release;
		};
/* End XCBuildConfiguration section */

/* Begin XCConfigurationList section */
		1656A93C26877CF50013CD59 /* Build configuration list for PBXProject "alpha_unselfold" */ = {
			isa = XCConfigurationList;
			buildConfigurations = (
				1656A95326877CF50013CD59 /* Debug */,
				1656A95426877CF50013CD59 /* Release */,
			);
			defaultConfigurationIsVisible = 0;
			defaultConfigurationName = Release;
		};
		1656A95526877CF50013CD59 /* Build configuration list for PBXNativeTarget "alpha_unselfold" */ = {
			isa = XCConfigurationList;
			buildConfigurations = (
				1656A95626877CF50013CD59 /* Debug */,
				1656A95726877CF50013CD59 /* Release */,
			);
			defaultConfigurationIsVisible = 0;
			defaultConfigurationName = Release;
		};
/* End XCConfigurationList section */

/* Begin XCRemoteSwiftPackageReference section */
		16F8B3E6268C9047004C431B /* XCRemoteSwiftPackageReference "SwiftUIX" */ = {
			isa = XCRemoteSwiftPackageReference;
			repositoryURL = "https://github.com/SwiftUIX/SwiftUIX.git";
			requirement = {
				branch = master;
				kind = branch;
			};
		};
/* End XCRemoteSwiftPackageReference section */

/* Begin XCSwiftPackageProductDependency section */
		16F8B3E7268C9047004C431B /* SwiftUIX */ = {
			isa = XCSwiftPackageProductDependency;
			package = 16F8B3E6268C9047004C431B /* XCRemoteSwiftPackageReference "SwiftUIX" */;
			productName = SwiftUIX;
		};
/* End XCSwiftPackageProductDependency section */

/* Begin XCVersionGroup section */
		1656A94F26877CF50013CD59 /* alpha_unselfold.xcdatamodeld */ = {
			isa = XCVersionGroup;
			children = (
				1656A95026877CF50013CD59 /* alpha_unselfold.xcdatamodel */,
			);
			currentVersion = 1656A95026877CF50013CD59 /* alpha_unselfold.xcdatamodel */;
			path = alpha_unselfold.xcdatamodeld;
			sourceTree = "<group>";
			versionGroupType = wrapper.xcdatamodel;
		};
/* End XCVersionGroup section */
	};
	rootObject = 1656A93926877CF50013CD59 /* Project object */;
}
