// !$*UTF8*$!
{
	archiveVersion = 1;
	classes = {
	};
	objectVersion = 50;
	objects = {

/* Begin PBXBuildFile section */
		162A7A14267DF21D00622E8B /* SwiftUI_TutorialApp.swift in Sources */ = {isa = PBXBuildFile; fileRef = 162A7A13267DF21D00622E8B /* SwiftUI_TutorialApp.swift */; };
		162A7A16267DF21D00622E8B /* ContentView.swift in Sources */ = {isa = PBXBuildFile; fileRef = 162A7A15267DF21D00622E8B /* ContentView.swift */; };
		162A7A18267DF21E00622E8B /* Assets.xcassets in Resources */ = {isa = PBXBuildFile; fileRef = 162A7A17267DF21E00622E8B /* Assets.xcassets */; };
		162A7A1B267DF21E00622E8B /* Preview Assets.xcassets in Resources */ = {isa = PBXBuildFile; fileRef = 162A7A1A267DF21E00622E8B /* Preview Assets.xcassets */; };
		162A7A25267DFE0B00622E8B /* CircleImage.swift in Sources */ = {isa = PBXBuildFile; fileRef = 162A7A24267DFE0B00622E8B /* CircleImage.swift */; };
		162A7A27267DFEDD00622E8B /* MapView.swift in Sources */ = {isa = PBXBuildFile; fileRef = 162A7A26267DFEDD00622E8B /* MapView.swift */; };
		16B00EB2267E2B9B0068AE59 /* landmarkData.json in Resources */ = {isa = PBXBuildFile; fileRef = 16B00EB1267E2B9B0068AE59 /* landmarkData.json */; };
		16B00EB4267E30480068AE59 /* Landmark.swift in Sources */ = {isa = PBXBuildFile; fileRef = 16B00EB3267E30480068AE59 /* Landmark.swift */; };
		16B00EB6267E347B0068AE59 /* ModelData.swift in Sources */ = {isa = PBXBuildFile; fileRef = 16B00EB5267E347B0068AE59 /* ModelData.swift */; };
		16B00EBE267E3AE70068AE59 /* LandmarkRow.swift in Sources */ = {isa = PBXBuildFile; fileRef = 16B00EBD267E3AE70068AE59 /* LandmarkRow.swift */; };
/* End PBXBuildFile section */

/* Begin PBXFileReference section */
		162A7A10267DF21D00622E8B /* SwiftUI Tutorial.app */ = {isa = PBXFileReference; explicitFileType = wrapper.application; includeInIndex = 0; path = "SwiftUI Tutorial.app"; sourceTree = BUILT_PRODUCTS_DIR; };
		162A7A13267DF21D00622E8B /* SwiftUI_TutorialApp.swift */ = {isa = PBXFileReference; lastKnownFileType = sourcecode.swift; path = SwiftUI_TutorialApp.swift; sourceTree = "<group>"; };
		162A7A15267DF21D00622E8B /* ContentView.swift */ = {isa = PBXFileReference; lastKnownFileType = sourcecode.swift; path = ContentView.swift; sourceTree = "<group>"; };
		162A7A17267DF21E00622E8B /* Assets.xcassets */ = {isa = PBXFileReference; lastKnownFileType = folder.assetcatalog; path = Assets.xcassets; sourceTree = "<group>"; };
		162A7A1A267DF21E00622E8B /* Preview Assets.xcassets */ = {isa = PBXFileReference; lastKnownFileType = folder.assetcatalog; path = "Preview Assets.xcassets"; sourceTree = "<group>"; };
		162A7A1C267DF21E00622E8B /* Info.plist */ = {isa = PBXFileReference; lastKnownFileType = text.plist.xml; path = Info.plist; sourceTree = "<group>"; };
		162A7A24267DFE0B00622E8B /* CircleImage.swift */ = {isa = PBXFileReference; lastKnownFileType = sourcecode.swift; path = CircleImage.swift; sourceTree = "<group>"; };
		162A7A26267DFEDD00622E8B /* MapView.swift */ = {isa = PBXFileReference; lastKnownFileType = sourcecode.swift; path = MapView.swift; sourceTree = "<group>"; };
		16B00EB1267E2B9B0068AE59 /* landmarkData.json */ = {isa = PBXFileReference; fileEncoding = 4; lastKnownFileType = text.json; name = landmarkData.json; path = "SwiftUI Tutorial/Resources/landmarkData.json"; sourceTree = SOURCE_ROOT; };
		16B00EB3267E30480068AE59 /* Landmark.swift */ = {isa = PBXFileReference; lastKnownFileType = sourcecode.swift; path = Landmark.swift; sourceTree = "<group>"; };
		16B00EB5267E347B0068AE59 /* ModelData.swift */ = {isa = PBXFileReference; lastKnownFileType = sourcecode.swift; path = ModelData.swift; sourceTree = "<group>"; };
		16B00EBB267E39510068AE59 /* 12-Dark.jpg */ = {isa = PBXFileReference; lastKnownFileType = image.jpeg; path = "12-Dark.jpg"; sourceTree = "<group>"; };
		16B00EBD267E3AE70068AE59 /* LandmarkRow.swift */ = {isa = PBXFileReference; lastKnownFileType = sourcecode.swift; path = LandmarkRow.swift; sourceTree = SOURCE_ROOT; };
/* End PBXFileReference section */

/* Begin PBXFrameworksBuildPhase section */
		162A7A0D267DF21D00622E8B /* Frameworks */ = {
			isa = PBXFrameworksBuildPhase;
			buildActionMask = 2147483647;
			files = (
			);
			runOnlyForDeploymentPostprocessing = 0;
		};
/* End PBXFrameworksBuildPhase section */

/* Begin PBXGroup section */
		162A7A07267DF21D00622E8B = {
			isa = PBXGroup;
			children = (
				162A7A12267DF21D00622E8B /* SwiftUI Tutorial */,
				162A7A11267DF21D00622E8B /* Products */,
			);
			sourceTree = "<group>";
		};
		162A7A11267DF21D00622E8B /* Products */ = {
			isa = PBXGroup;
			children = (
				162A7A10267DF21D00622E8B /* SwiftUI Tutorial.app */,
			);
			name = Products;
			sourceTree = "<group>";
		};
		162A7A12267DF21D00622E8B /* SwiftUI Tutorial */ = {
			isa = PBXGroup;
			children = (
				162A7A13267DF21D00622E8B /* SwiftUI_TutorialApp.swift */,
				16B00EBC267E39690068AE59 /* Model */,
				162A7A17267DF21E00622E8B /* Assets.xcassets */,
				16B00EBA267E39460068AE59 /* Resources */,
				162A7A1C267DF21E00622E8B /* Info.plist */,
				16B00EB8267E39270068AE59 /* Views */,
				162A7A19267DF21E00622E8B /* Preview Content */,
			);
			path = "SwiftUI Tutorial";
			sourceTree = "<group>";
		};
		162A7A19267DF21E00622E8B /* Preview Content */ = {
			isa = PBXGroup;
			children = (
				162A7A1A267DF21E00622E8B /* Preview Assets.xcassets */,
			);
			path = "Preview Content";
			sourceTree = "<group>";
		};
		16B00EB8267E39270068AE59 /* Views */ = {
			isa = PBXGroup;
			children = (
				16B00EBD267E3AE70068AE59 /* LandmarkRow.swift */,
				162A7A26267DFEDD00622E8B /* MapView.swift */,
				162A7A24267DFE0B00622E8B /* CircleImage.swift */,
				162A7A15267DF21D00622E8B /* ContentView.swift */,
			);
			path = Views;
			sourceTree = "<group>";
		};
		16B00EBA267E39460068AE59 /* Resources */ = {
			isa = PBXGroup;
			children = (
				16B00EBB267E39510068AE59 /* 12-Dark.jpg */,
				16B00EB1267E2B9B0068AE59 /* landmarkData.json */,
			);
			path = Resources;
			sourceTree = "<group>";
		};
		16B00EBC267E39690068AE59 /* Model */ = {
			isa = PBXGroup;
			children = (
				16B00EB3267E30480068AE59 /* Landmark.swift */,
				16B00EB5267E347B0068AE59 /* ModelData.swift */,
			);
			path = Model;
			sourceTree = "<group>";
		};
/* End PBXGroup section */

/* Begin PBXNativeTarget section */
		162A7A0F267DF21D00622E8B /* SwiftUI Tutorial */ = {
			isa = PBXNativeTarget;
			buildConfigurationList = 162A7A1F267DF21E00622E8B /* Build configuration list for PBXNativeTarget "SwiftUI Tutorial" */;
			buildPhases = (
				162A7A0C267DF21D00622E8B /* Sources */,
				162A7A0D267DF21D00622E8B /* Frameworks */,
				162A7A0E267DF21D00622E8B /* Resources */,
			);
			buildRules = (
			);
			dependencies = (
			);
			name = "SwiftUI Tutorial";
			productName = "SwiftUI Tutorial";
			productReference = 162A7A10267DF21D00622E8B /* SwiftUI Tutorial.app */;
			productType = "com.apple.product-type.application";
		};
/* End PBXNativeTarget section */

/* Begin PBXProject section */
		162A7A08267DF21D00622E8B /* Project object */ = {
			isa = PBXProject;
			attributes = {
				LastSwiftUpdateCheck = 1250;
				LastUpgradeCheck = 1250;
				TargetAttributes = {
					162A7A0F267DF21D00622E8B = {
						CreatedOnToolsVersion = 12.5;
					};
				};
			};
			buildConfigurationList = 162A7A0B267DF21D00622E8B /* Build configuration list for PBXProject "SwiftUI Tutorial" */;
			compatibilityVersion = "Xcode 9.3";
			developmentRegion = en;
			hasScannedForEncodings = 0;
			knownRegions = (
				en,
				Base,
			);
			mainGroup = 162A7A07267DF21D00622E8B;
			productRefGroup = 162A7A11267DF21D00622E8B /* Products */;
			projectDirPath = "";
			projectRoot = "";
			targets = (
				162A7A0F267DF21D00622E8B /* SwiftUI Tutorial */,
			);
		};
/* End PBXProject section */

/* Begin PBXResourcesBuildPhase section */
		162A7A0E267DF21D00622E8B /* Resources */ = {
			isa = PBXResourcesBuildPhase;
			buildActionMask = 2147483647;
			files = (
				162A7A1B267DF21E00622E8B /* Preview Assets.xcassets in Resources */,
				16B00EB2267E2B9B0068AE59 /* landmarkData.json in Resources */,
				162A7A18267DF21E00622E8B /* Assets.xcassets in Resources */,
			);
			runOnlyForDeploymentPostprocessing = 0;
		};
/* End PBXResourcesBuildPhase section */

/* Begin PBXSourcesBuildPhase section */
		162A7A0C267DF21D00622E8B /* Sources */ = {
			isa = PBXSourcesBuildPhase;
			buildActionMask = 2147483647;
			files = (
				162A7A16267DF21D00622E8B /* ContentView.swift in Sources */,
				162A7A27267DFEDD00622E8B /* MapView.swift in Sources */,
				162A7A14267DF21D00622E8B /* SwiftUI_TutorialApp.swift in Sources */,
				162A7A25267DFE0B00622E8B /* CircleImage.swift in Sources */,
				16B00EB4267E30480068AE59 /* Landmark.swift in Sources */,
				16B00EBE267E3AE70068AE59 /* LandmarkRow.swift in Sources */,
				16B00EB6267E347B0068AE59 /* ModelData.swift in Sources */,
			);
			runOnlyForDeploymentPostprocessing = 0;
		};
/* End PBXSourcesBuildPhase section */

/* Begin XCBuildConfiguration section */
		162A7A1D267DF21E00622E8B /* Debug */ = {
			isa = XCBuildConfiguration;
			buildSettings = {
				ALWAYS_SEARCH_USER_PATHS = NO;
				CLANG_ANALYZER_NONNULL = YES;
				CLANG_ANALYZER_NUMBER_OBJECT_CONVERSION = YES_AGGRESSIVE;
				CLANG_CXX_LANGUAGE_STANDARD = "gnu++14";
				CLANG_CXX_LIBRARY = "libc++";
				CLANG_ENABLE_MODULES = YES;
				CLANG_ENABLE_OBJC_ARC = YES;
				CLANG_ENABLE_OBJC_WEAK = YES;
				CLANG_WARN_BLOCK_CAPTURE_AUTORELEASING = YES;
				CLANG_WARN_BOOL_CONVERSION = YES;
				CLANG_WARN_COMMA = YES;
				CLANG_WARN_CONSTANT_CONVERSION = YES;
				CLANG_WARN_DEPRECATED_OBJC_IMPLEMENTATIONS = YES;
				CLANG_WARN_DIRECT_OBJC_ISA_USAGE = YES_ERROR;
				CLANG_WARN_DOCUMENTATION_COMMENTS = YES;
				CLANG_WARN_EMPTY_BODY = YES;
				CLANG_WARN_ENUM_CONVERSION = YES;
				CLANG_WARN_INFINITE_RECURSION = YES;
				CLANG_WARN_INT_CONVERSION = YES;
				CLANG_WARN_NON_LITERAL_NULL_CONVERSION = YES;
				CLANG_WARN_OBJC_IMPLICIT_RETAIN_SELF = YES;
				CLANG_WARN_OBJC_LITERAL_CONVERSION = YES;
				CLANG_WARN_OBJC_ROOT_CLASS = YES_ERROR;
				CLANG_WARN_QUOTED_INCLUDE_IN_FRAMEWORK_HEADER = YES;
				CLANG_WARN_RANGE_LOOP_ANALYSIS = YES;
				CLANG_WARN_STRICT_PROTOTYPES = YES;
				CLANG_WARN_SUSPICIOUS_MOVE = YES;
				CLANG_WARN_UNGUARDED_AVAILABILITY = YES_AGGRESSIVE;
				CLANG_WARN_UNREACHABLE_CODE = YES;
				CLANG_WARN__DUPLICATE_METHOD_MATCH = YES;
				COPY_PHASE_STRIP = NO;
				DEBUG_INFORMATION_FORMAT = dwarf;
				ENABLE_STRICT_OBJC_MSGSEND = YES;
				ENABLE_TESTABILITY = YES;
				GCC_C_LANGUAGE_STANDARD = gnu11;
				GCC_DYNAMIC_NO_PIC = NO;
				GCC_NO_COMMON_BLOCKS = YES;
				GCC_OPTIMIZATION_LEVEL = 0;
				GCC_PREPROCESSOR_DEFINITIONS = (
					"DEBUG=1",
					"$(inherited)",
				);
				GCC_WARN_64_TO_32_BIT_CONVERSION = YES;
				GCC_WARN_ABOUT_RETURN_TYPE = YES_ERROR;
				GCC_WARN_UNDECLARED_SELECTOR = YES;
				GCC_WARN_UNINITIALIZED_AUTOS = YES_AGGRESSIVE;
				GCC_WARN_UNUSED_FUNCTION = YES;
				GCC_WARN_UNUSED_VARIABLE = YES;
				IPHONEOS_DEPLOYMENT_TARGET = 14.5;
				MTL_ENABLE_DEBUG_INFO = INCLUDE_SOURCE;
				MTL_FAST_MATH = YES;
				ONLY_ACTIVE_ARCH = YES;
				SDKROOT = iphoneos;
				SWIFT_ACTIVE_COMPILATION_CONDITIONS = DEBUG;
				SWIFT_OPTIMIZATION_LEVEL = "-Onone";
			};
			name = Debug;
		};
		162A7A1E267DF21E00622E8B /* Release */ = {
			isa = XCBuildConfiguration;
			buildSettings = {
				ALWAYS_SEARCH_USER_PATHS = NO;
				CLANG_ANALYZER_NONNULL = YES;
				CLANG_ANALYZER_NUMBER_OBJECT_CONVERSION = YES_AGGRESSIVE;
				CLANG_CXX_LANGUAGE_STANDARD = "gnu++14";
				CLANG_CXX_LIBRARY = "libc++";
				CLANG_ENABLE_MODULES = YES;
				CLANG_ENABLE_OBJC_ARC = YES;
				CLANG_ENABLE_OBJC_WEAK = YES;
				CLANG_WARN_BLOCK_CAPTURE_AUTORELEASING = YES;
				CLANG_WARN_BOOL_CONVERSION = YES;
				CLANG_WARN_COMMA = YES;
				CLANG_WARN_CONSTANT_CONVERSION = YES;
				CLANG_WARN_DEPRECATED_OBJC_IMPLEMENTATIONS = YES;
				CLANG_WARN_DIRECT_OBJC_ISA_USAGE = YES_ERROR;
				CLANG_WARN_DOCUMENTATION_COMMENTS = YES;
				CLANG_WARN_EMPTY_BODY = YES;
				CLANG_WARN_ENUM_CONVERSION = YES;
				CLANG_WARN_INFINITE_RECURSION = YES;
				CLANG_WARN_INT_CONVERSION = YES;
				CLANG_WARN_NON_LITERAL_NULL_CONVERSION = YES;
				CLANG_WARN_OBJC_IMPLICIT_RETAIN_SELF = YES;
				CLANG_WARN_OBJC_LITERAL_CONVERSION = YES;
				CLANG_WARN_OBJC_ROOT_CLASS = YES_ERROR;
				CLANG_WARN_QUOTED_INCLUDE_IN_FRAMEWORK_HEADER = YES;
				CLANG_WARN_RANGE_LOOP_ANALYSIS = YES;
				CLANG_WARN_STRICT_PROTOTYPES = YES;
				CLANG_WARN_SUSPICIOUS_MOVE = YES;
				CLANG_WARN_UNGUARDED_AVAILABILITY = YES_AGGRESSIVE;
				CLANG_WARN_UNREACHABLE_CODE = YES;
				CLANG_WARN__DUPLICATE_METHOD_MATCH = YES;
				COPY_PHASE_STRIP = NO;
				DEBUG_INFORMATION_FORMAT = "dwarf-with-dsym";
				ENABLE_NS_ASSERTIONS = NO;
				ENABLE_STRICT_OBJC_MSGSEND = YES;
				GCC_C_LANGUAGE_STANDARD = gnu11;
				GCC_NO_COMMON_BLOCKS = YES;
				GCC_WARN_64_TO_32_BIT_CONVERSION = YES;
				GCC_WARN_ABOUT_RETURN_TYPE = YES_ERROR;
				GCC_WARN_UNDECLARED_SELECTOR = YES;
				GCC_WARN_UNINITIALIZED_AUTOS = YES_AGGRESSIVE;
				GCC_WARN_UNUSED_FUNCTION = YES;
				GCC_WARN_UNUSED_VARIABLE = YES;
				IPHONEOS_DEPLOYMENT_TARGET = 14.5;
				MTL_ENABLE_DEBUG_INFO = NO;
				MTL_FAST_MATH = YES;
				SDKROOT = iphoneos;
				SWIFT_COMPILATION_MODE = wholemodule;
				SWIFT_OPTIMIZATION_LEVEL = "-O";
				VALIDATE_PRODUCT = YES;
			};
			name = Release;
		};
		162A7A20267DF21E00622E8B /* Debug */ = {
			isa = XCBuildConfiguration;
			buildSettings = {
				ASSETCATALOG_COMPILER_APPICON_NAME = AppIcon;
				ASSETCATALOG_COMPILER_GLOBAL_ACCENT_COLOR_NAME = AccentColor;
				CODE_SIGN_STYLE = Automatic;
				DEVELOPMENT_ASSET_PATHS = "\"SwiftUI Tutorial/Preview Content\"";
				ENABLE_PREVIEWS = YES;
				INFOPLIST_FILE = "SwiftUI Tutorial/Info.plist";
				IPHONEOS_DEPLOYMENT_TARGET = 14.0;
				LD_RUNPATH_SEARCH_PATHS = (
					"$(inherited)",
					"@executable_path/Frameworks",
				);
				PRODUCT_BUNDLE_IDENTIFIER = "com.cristicretu.SwiftUI-Tutorial";
				PRODUCT_NAME = "$(TARGET_NAME)";
				SWIFT_VERSION = 5.0;
				TARGETED_DEVICE_FAMILY = "1,2";
			};
			name = Debug;
		};
		162A7A21267DF21E00622E8B /* Release */ = {
			isa = XCBuildConfiguration;
			buildSettings = {
				ASSETCATALOG_COMPILER_APPICON_NAME = AppIcon;
				ASSETCATALOG_COMPILER_GLOBAL_ACCENT_COLOR_NAME = AccentColor;
				CODE_SIGN_STYLE = Automatic;
				DEVELOPMENT_ASSET_PATHS = "\"SwiftUI Tutorial/Preview Content\"";
				ENABLE_PREVIEWS = YES;
				INFOPLIST_FILE = "SwiftUI Tutorial/Info.plist";
				IPHONEOS_DEPLOYMENT_TARGET = 14.0;
				LD_RUNPATH_SEARCH_PATHS = (
					"$(inherited)",
					"@executable_path/Frameworks",
				);
				PRODUCT_BUNDLE_IDENTIFIER = "com.cristicretu.SwiftUI-Tutorial";
				PRODUCT_NAME = "$(TARGET_NAME)";
				SWIFT_VERSION = 5.0;
				TARGETED_DEVICE_FAMILY = "1,2";
			};
			name = Release;
		};
/* End XCBuildConfiguration section */

/* Begin XCConfigurationList section */
		162A7A0B267DF21D00622E8B /* Build configuration list for PBXProject "SwiftUI Tutorial" */ = {
			isa = XCConfigurationList;
			buildConfigurations = (
				162A7A1D267DF21E00622E8B /* Debug */,
				162A7A1E267DF21E00622E8B /* Release */,
			);
			defaultConfigurationIsVisible = 0;
			defaultConfigurationName = Release;
		};
		162A7A1F267DF21E00622E8B /* Build configuration list for PBXNativeTarget "SwiftUI Tutorial" */ = {
			isa = XCConfigurationList;
			buildConfigurations = (
				162A7A20267DF21E00622E8B /* Debug */,
				162A7A21267DF21E00622E8B /* Release */,
			);
			defaultConfigurationIsVisible = 0;
			defaultConfigurationName = Release;
		};
/* End XCConfigurationList section */
	};
	rootObject = 162A7A08267DF21D00622E8B /* Project object */;
}
