// !$*UTF8*$!
{
	archiveVersion = 1;
	classes = {
	};
	objectVersion = 50;
	objects = {

/* Begin PBXBuildFile section */
		1618EC33267F30AE00907DF1 /* beta_unselfoldApp.swift in Sources */ = {isa = PBXBuildFile; fileRef = 1618EC32267F30AE00907DF1 /* beta_unselfoldApp.swift */; };
		1618EC35267F30AE00907DF1 /* ContentView.swift in Sources */ = {isa = PBXBuildFile; fileRef = 1618EC34267F30AE00907DF1 /* ContentView.swift */; };
		1618EC37267F30AF00907DF1 /* Assets.xcassets in Resources */ = {isa = PBXBuildFile; fileRef = 1618EC36267F30AF00907DF1 /* Assets.xcassets */; };
		1618EC3A267F30AF00907DF1 /* Preview Assets.xcassets in Resources */ = {isa = PBXBuildFile; fileRef = 1618EC39267F30AF00907DF1 /* Preview Assets.xcassets */; };
		1618EC3C267F30AF00907DF1 /* Persistence.swift in Sources */ = {isa = PBXBuildFile; fileRef = 1618EC3B267F30AF00907DF1 /* Persistence.swift */; };
		1618EC3F267F30AF00907DF1 /* beta_unselfold.xcdatamodeld in Sources */ = {isa = PBXBuildFile; fileRef = 1618EC3D267F30AF00907DF1 /* beta_unselfold.xcdatamodeld */; };
/* End PBXBuildFile section */

/* Begin PBXFileReference section */
		1618EC2F267F30AE00907DF1 /* beta_unselfold.app */ = {isa = PBXFileReference; explicitFileType = wrapper.application; includeInIndex = 0; path = beta_unselfold.app; sourceTree = BUILT_PRODUCTS_DIR; };
		1618EC32267F30AE00907DF1 /* beta_unselfoldApp.swift */ = {isa = PBXFileReference; lastKnownFileType = sourcecode.swift; path = beta_unselfoldApp.swift; sourceTree = "<group>"; };
		1618EC34267F30AE00907DF1 /* ContentView.swift */ = {isa = PBXFileReference; lastKnownFileType = sourcecode.swift; path = ContentView.swift; sourceTree = "<group>"; };
		1618EC36267F30AF00907DF1 /* Assets.xcassets */ = {isa = PBXFileReference; lastKnownFileType = folder.assetcatalog; path = Assets.xcassets; sourceTree = "<group>"; };
		1618EC39267F30AF00907DF1 /* Preview Assets.xcassets */ = {isa = PBXFileReference; lastKnownFileType = folder.assetcatalog; path = "Preview Assets.xcassets"; sourceTree = "<group>"; };
		1618EC3B267F30AF00907DF1 /* Persistence.swift */ = {isa = PBXFileReference; lastKnownFileType = sourcecode.swift; path = Persistence.swift; sourceTree = "<group>"; };
		1618EC3E267F30AF00907DF1 /* beta_unselfold.xcdatamodel */ = {isa = PBXFileReference; lastKnownFileType = wrapper.xcdatamodel; path = beta_unselfold.xcdatamodel; sourceTree = "<group>"; };
		1618EC40267F30AF00907DF1 /* Info.plist */ = {isa = PBXFileReference; lastKnownFileType = text.plist.xml; path = Info.plist; sourceTree = "<group>"; };
/* End PBXFileReference section */

/* Begin PBXFrameworksBuildPhase section */
		1618EC2C267F30AE00907DF1 /* Frameworks */ = {
			isa = PBXFrameworksBuildPhase;
			buildActionMask = 2147483647;
			files = (
			);
			runOnlyForDeploymentPostprocessing = 0;
		};
/* End PBXFrameworksBuildPhase section */

/* Begin PBXGroup section */
		1618EC26267F30AE00907DF1 = {
			isa = PBXGroup;
			children = (
				1618EC31267F30AE00907DF1 /* beta_unselfold */,
				1618EC30267F30AE00907DF1 /* Products */,
			);
			sourceTree = "<group>";
		};
		1618EC30267F30AE00907DF1 /* Products */ = {
			isa = PBXGroup;
			children = (
				1618EC2F267F30AE00907DF1 /* beta_unselfold.app */,
			);
			name = Products;
			sourceTree = "<group>";
		};
		1618EC31267F30AE00907DF1 /* beta_unselfold */ = {
			isa = PBXGroup;
			children = (
				1618EC32267F30AE00907DF1 /* beta_unselfoldApp.swift */,
				1618EC34267F30AE00907DF1 /* ContentView.swift */,
				1618EC36267F30AF00907DF1 /* Assets.xcassets */,
				1618EC3B267F30AF00907DF1 /* Persistence.swift */,
				1618EC40267F30AF00907DF1 /* Info.plist */,
				1618EC3D267F30AF00907DF1 /* beta_unselfold.xcdatamodeld */,
				1618EC38267F30AF00907DF1 /* Preview Content */,
			);
			path = beta_unselfold;
			sourceTree = "<group>";
		};
		1618EC38267F30AF00907DF1 /* Preview Content */ = {
			isa = PBXGroup;
			children = (
				1618EC39267F30AF00907DF1 /* Preview Assets.xcassets */,
			);
			path = "Preview Content";
			sourceTree = "<group>";
		};
/* End PBXGroup section */

/* Begin PBXNativeTarget section */
		1618EC2E267F30AE00907DF1 /* beta_unselfold */ = {
			isa = PBXNativeTarget;
			buildConfigurationList = 1618EC43267F30AF00907DF1 /* Build configuration list for PBXNativeTarget "beta_unselfold" */;
			buildPhases = (
				1618EC2B267F30AE00907DF1 /* Sources */,
				1618EC2C267F30AE00907DF1 /* Frameworks */,
				1618EC2D267F30AE00907DF1 /* Resources */,
			);
			buildRules = (
			);
			dependencies = (
			);
			name = beta_unselfold;
			productName = beta_unselfold;
			productReference = 1618EC2F267F30AE00907DF1 /* beta_unselfold.app */;
			productType = "com.apple.product-type.application";
		};
/* End PBXNativeTarget section */

/* Begin PBXProject section */
		1618EC27267F30AE00907DF1 /* Project object */ = {
			isa = PBXProject;
			attributes = {
				LastSwiftUpdateCheck = 1250;
				LastUpgradeCheck = 1250;
				TargetAttributes = {
					1618EC2E267F30AE00907DF1 = {
						CreatedOnToolsVersion = 12.5;
					};
				};
			};
			buildConfigurationList = 1618EC2A267F30AE00907DF1 /* Build configuration list for PBXProject "beta_unselfold" */;
			compatibilityVersion = "Xcode 9.3";
			developmentRegion = en;
			hasScannedForEncodings = 0;
			knownRegions = (
				en,
				Base,
			);
			mainGroup = 1618EC26267F30AE00907DF1;
			productRefGroup = 1618EC30267F30AE00907DF1 /* Products */;
			projectDirPath = "";
			projectRoot = "";
			targets = (
				1618EC2E267F30AE00907DF1 /* beta_unselfold */,
			);
		};
/* End PBXProject section */

/* Begin PBXResourcesBuildPhase section */
		1618EC2D267F30AE00907DF1 /* Resources */ = {
			isa = PBXResourcesBuildPhase;
			buildActionMask = 2147483647;
			files = (
				1618EC3A267F30AF00907DF1 /* Preview Assets.xcassets in Resources */,
				1618EC37267F30AF00907DF1 /* Assets.xcassets in Resources */,
			);
			runOnlyForDeploymentPostprocessing = 0;
		};
/* End PBXResourcesBuildPhase section */

/* Begin PBXSourcesBuildPhase section */
		1618EC2B267F30AE00907DF1 /* Sources */ = {
			isa = PBXSourcesBuildPhase;
			buildActionMask = 2147483647;
			files = (
				1618EC3C267F30AF00907DF1 /* Persistence.swift in Sources */,
				1618EC35267F30AE00907DF1 /* ContentView.swift in Sources */,
				1618EC3F267F30AF00907DF1 /* beta_unselfold.xcdatamodeld in Sources */,
				1618EC33267F30AE00907DF1 /* beta_unselfoldApp.swift in Sources */,
			);
			runOnlyForDeploymentPostprocessing = 0;
		};
/* End PBXSourcesBuildPhase section */

/* Begin XCBuildConfiguration section */
		1618EC41267F30AF00907DF1 /* Debug */ = {
			isa = XCBuildConfiguration;
			buildSettings = {
				ALWAYS_SEARCH_USER_PATHS = NO;
				CLANG_ANALYZER_NONNULL = YES;
				CLANG_ANALYZER_NUMBER_OBJECT_CONVERSION = YES_AGGRESSIVE;
				CLANG_CXX_LANGUAGE_STANDARD = "gnu++14";
				CLANG_CXX_LIBRARY = "libc++";
				CLANG_ENABLE_MODULES = YES;
				CLANG_ENABLE_OBJC_ARC = YES;
				CLANG_ENABLE_OBJC_WEAK = YES;
				CLANG_WARN_BLOCK_CAPTURE_AUTORELEASING = YES;
				CLANG_WARN_BOOL_CONVERSION = YES;
				CLANG_WARN_COMMA = YES;
				CLANG_WARN_CONSTANT_CONVERSION = YES;
				CLANG_WARN_DEPRECATED_OBJC_IMPLEMENTATIONS = YES;
				CLANG_WARN_DIRECT_OBJC_ISA_USAGE = YES_ERROR;
				CLANG_WARN_DOCUMENTATION_COMMENTS = YES;
				CLANG_WARN_EMPTY_BODY = YES;
				CLANG_WARN_ENUM_CONVERSION = YES;
				CLANG_WARN_INFINITE_RECURSION = YES;
				CLANG_WARN_INT_CONVERSION = YES;
				CLANG_WARN_NON_LITERAL_NULL_CONVERSION = YES;
				CLANG_WARN_OBJC_IMPLICIT_RETAIN_SELF = YES;
				CLANG_WARN_OBJC_LITERAL_CONVERSION = YES;
				CLANG_WARN_OBJC_ROOT_CLASS = YES_ERROR;
				CLANG_WARN_QUOTED_INCLUDE_IN_FRAMEWORK_HEADER = YES;
				CLANG_WARN_RANGE_LOOP_ANALYSIS = YES;
				CLANG_WARN_STRICT_PROTOTYPES = YES;
				CLANG_WARN_SUSPICIOUS_MOVE = YES;
				CLANG_WARN_UNGUARDED_AVAILABILITY = YES_AGGRESSIVE;
				CLANG_WARN_UNREACHABLE_CODE = YES;
				CLANG_WARN__DUPLICATE_METHOD_MATCH = YES;
				COPY_PHASE_STRIP = NO;
				DEBUG_INFORMATION_FORMAT = dwarf;
				ENABLE_STRICT_OBJC_MSGSEND = YES;
				ENABLE_TESTABILITY = YES;
				GCC_C_LANGUAGE_STANDARD = gnu11;
				GCC_DYNAMIC_NO_PIC = NO;
				GCC_NO_COMMON_BLOCKS = YES;
				GCC_OPTIMIZATION_LEVEL = 0;
				GCC_PREPROCESSOR_DEFINITIONS = (
					"DEBUG=1",
					"$(inherited)",
				);
				GCC_WARN_64_TO_32_BIT_CONVERSION = YES;
				GCC_WARN_ABOUT_RETURN_TYPE = YES_ERROR;
				GCC_WARN_UNDECLARED_SELECTOR = YES;
				GCC_WARN_UNINITIALIZED_AUTOS = YES_AGGRESSIVE;
				GCC_WARN_UNUSED_FUNCTION = YES;
				GCC_WARN_UNUSED_VARIABLE = YES;
				IPHONEOS_DEPLOYMENT_TARGET = 14.5;
				MTL_ENABLE_DEBUG_INFO = INCLUDE_SOURCE;
				MTL_FAST_MATH = YES;
				ONLY_ACTIVE_ARCH = YES;
				SDKROOT = iphoneos;
				SWIFT_ACTIVE_COMPILATION_CONDITIONS = DEBUG;
				SWIFT_OPTIMIZATION_LEVEL = "-Onone";
			};
			name = Debug;
		};
		1618EC42267F30AF00907DF1 /* Release */ = {
			isa = XCBuildConfiguration;
			buildSettings = {
				ALWAYS_SEARCH_USER_PATHS = NO;
				CLANG_ANALYZER_NONNULL = YES;
				CLANG_ANALYZER_NUMBER_OBJECT_CONVERSION = YES_AGGRESSIVE;
				CLANG_CXX_LANGUAGE_STANDARD = "gnu++14";
				CLANG_CXX_LIBRARY = "libc++";
				CLANG_ENABLE_MODULES = YES;
				CLANG_ENABLE_OBJC_ARC = YES;
				CLANG_ENABLE_OBJC_WEAK = YES;
				CLANG_WARN_BLOCK_CAPTURE_AUTORELEASING = YES;
				CLANG_WARN_BOOL_CONVERSION = YES;
				CLANG_WARN_COMMA = YES;
				CLANG_WARN_CONSTANT_CONVERSION = YES;
				CLANG_WARN_DEPRECATED_OBJC_IMPLEMENTATIONS = YES;
				CLANG_WARN_DIRECT_OBJC_ISA_USAGE = YES_ERROR;
				CLANG_WARN_DOCUMENTATION_COMMENTS = YES;
				CLANG_WARN_EMPTY_BODY = YES;
				CLANG_WARN_ENUM_CONVERSION = YES;
				CLANG_WARN_INFINITE_RECURSION = YES;
				CLANG_WARN_INT_CONVERSION = YES;
				CLANG_WARN_NON_LITERAL_NULL_CONVERSION = YES;
				CLANG_WARN_OBJC_IMPLICIT_RETAIN_SELF = YES;
				CLANG_WARN_OBJC_LITERAL_CONVERSION = YES;
				CLANG_WARN_OBJC_ROOT_CLASS = YES_ERROR;
				CLANG_WARN_QUOTED_INCLUDE_IN_FRAMEWORK_HEADER = YES;
				CLANG_WARN_RANGE_LOOP_ANALYSIS = YES;
				CLANG_WARN_STRICT_PROTOTYPES = YES;
				CLANG_WARN_SUSPICIOUS_MOVE = YES;
				CLANG_WARN_UNGUARDED_AVAILABILITY = YES_AGGRESSIVE;
				CLANG_WARN_UNREACHABLE_CODE = YES;
				CLANG_WARN__DUPLICATE_METHOD_MATCH = YES;
				COPY_PHASE_STRIP = NO;
				DEBUG_INFORMATION_FORMAT = "dwarf-with-dsym";
				ENABLE_NS_ASSERTIONS = NO;
				ENABLE_STRICT_OBJC_MSGSEND = YES;
				GCC_C_LANGUAGE_STANDARD = gnu11;
				GCC_NO_COMMON_BLOCKS = YES;
				GCC_WARN_64_TO_32_BIT_CONVERSION = YES;
				GCC_WARN_ABOUT_RETURN_TYPE = YES_ERROR;
				GCC_WARN_UNDECLARED_SELECTOR = YES;
				GCC_WARN_UNINITIALIZED_AUTOS = YES_AGGRESSIVE;
				GCC_WARN_UNUSED_FUNCTION = YES;
				GCC_WARN_UNUSED_VARIABLE = YES;
				IPHONEOS_DEPLOYMENT_TARGET = 14.5;
				MTL_ENABLE_DEBUG_INFO = NO;
				MTL_FAST_MATH = YES;
				SDKROOT = iphoneos;
				SWIFT_COMPILATION_MODE = wholemodule;
				SWIFT_OPTIMIZATION_LEVEL = "-O";
				VALIDATE_PRODUCT = YES;
			};
			name = Release;
		};
		1618EC44267F30AF00907DF1 /* Debug */ = {
			isa = XCBuildConfiguration;
			buildSettings = {
				ASSETCATALOG_COMPILER_APPICON_NAME = AppIcon;
				ASSETCATALOG_COMPILER_GLOBAL_ACCENT_COLOR_NAME = AccentColor;
				CODE_SIGN_STYLE = Automatic;
				DEVELOPMENT_ASSET_PATHS = "\"beta_unselfold/Preview Content\"";
				ENABLE_PREVIEWS = YES;
				INFOPLIST_FILE = beta_unselfold/Info.plist;
				IPHONEOS_DEPLOYMENT_TARGET = 14.0;
				LD_RUNPATH_SEARCH_PATHS = (
					"$(inherited)",
					"@executable_path/Frameworks",
				);
				PRODUCT_BUNDLE_IDENTIFIER = "com.cristicretu.beta-unselfold";
				PRODUCT_NAME = "$(TARGET_NAME)";
				SWIFT_VERSION = 5.0;
				TARGETED_DEVICE_FAMILY = "1,2";
			};
			name = Debug;
		};
		1618EC45267F30AF00907DF1 /* Release */ = {
			isa = XCBuildConfiguration;
			buildSettings = {
				ASSETCATALOG_COMPILER_APPICON_NAME = AppIcon;
				ASSETCATALOG_COMPILER_GLOBAL_ACCENT_COLOR_NAME = AccentColor;
				CODE_SIGN_STYLE = Automatic;
				DEVELOPMENT_ASSET_PATHS = "\"beta_unselfold/Preview Content\"";
				ENABLE_PREVIEWS = YES;
				INFOPLIST_FILE = beta_unselfold/Info.plist;
				IPHONEOS_DEPLOYMENT_TARGET = 14.0;
				LD_RUNPATH_SEARCH_PATHS = (
					"$(inherited)",
					"@executable_path/Frameworks",
				);
				PRODUCT_BUNDLE_IDENTIFIER = "com.cristicretu.beta-unselfold";
				PRODUCT_NAME = "$(TARGET_NAME)";
				SWIFT_VERSION = 5.0;
				TARGETED_DEVICE_FAMILY = "1,2";
			};
			name = Release;
		};
/* End XCBuildConfiguration section */

/* Begin XCConfigurationList section */
		1618EC2A267F30AE00907DF1 /* Build configuration list for PBXProject "beta_unselfold" */ = {
			isa = XCConfigurationList;
			buildConfigurations = (
				1618EC41267F30AF00907DF1 /* Debug */,
				1618EC42267F30AF00907DF1 /* Release */,
			);
			defaultConfigurationIsVisible = 0;
			defaultConfigurationName = Release;
		};
		1618EC43267F30AF00907DF1 /* Build configuration list for PBXNativeTarget "beta_unselfold" */ = {
			isa = XCConfigurationList;
			buildConfigurations = (
				1618EC44267F30AF00907DF1 /* Debug */,
				1618EC45267F30AF00907DF1 /* Release */,
			);
			defaultConfigurationIsVisible = 0;
			defaultConfigurationName = Release;
		};
/* End XCConfigurationList section */

/* Begin XCVersionGroup section */
		1618EC3D267F30AF00907DF1 /* beta_unselfold.xcdatamodeld */ = {
			isa = XCVersionGroup;
			children = (
				1618EC3E267F30AF00907DF1 /* beta_unselfold.xcdatamodel */,
			);
			currentVersion = 1618EC3E267F30AF00907DF1 /* beta_unselfold.xcdatamodel */;
			path = beta_unselfold.xcdatamodeld;
			sourceTree = "<group>";
			versionGroupType = wrapper.xcdatamodel;
		};
/* End XCVersionGroup section */
	};
	rootObject = 1618EC27267F30AE00907DF1 /* Project object */;
}
